%{
  "decimal": {:hex, :decimal, "2.0.0", "a78296e617b0f5dd4c6caf57c714431347912ffb1d0842e998e9792b5642d697", [:mix], [], "hexpm", "34666e9c55dea81013e77d9d87370fe6cb6291d1ef32f46a1600230b1d44f577"},
  "ecto": {:hex, :ecto, "3.7.2", "44c034f88e1980754983cc4400585970b4206841f6f3780967a65a9150ef09a8", [:mix], [{:decimal, "~> 1.6 or ~> 2.0", [hex: :decimal, repo: "hexpm", optional: false]}, {:jason, "~> 1.0", [hex: :jason, repo: "hexpm", optional: true]}, {:telemetry, "~> 0.4 or ~> 1.0", [hex: :telemetry, repo: "hexpm", optional: false]}], "hexpm", "a600da5772d1c31abbf06f3e4a1ffb150e74ed3e2aa92ff3cee95901657a874e"},
  "mishka_developer_tools": {:hex, :mishka_developer_tools, "0.0.5", "752c55aa3cf3664d981327da8eca30c6c53f0febed40a1f2080300adeb5d004b", [:mix], [{:ecto, "~> 3.7", [hex: :ecto, repo: "hexpm", optional: false]}], "hexpm", "36177b20c06a0c1185a22c7ec10d873c987056ccea22964daad455a3ac7ccd43"},
  "telemetry": {:hex, :telemetry, "1.0.0", "0f453a102cdf13d506b7c0ab158324c337c41f1cc7548f0bc0e130bbf0ae9452", [:rebar3], [], "hexpm", "73bc09fa59b4a0284efb4624335583c528e07ec9ae76aca96ea0673850aec57a"},
}
